{
    "name": "chartjs-plugin-sasha",
    "version": "2.0.0",
    "lockfileVersion": 1,
    "requires": true,
    "dependencies": {
        "check-more-types": {
            "version": "2.10.0",
            "resolved": "https://registry.npmjs.org/check-more-types/-/check-more-types-2.10.0.tgz",
            "integrity": "sha512-TVvUwhzubpsHbmlLBmq8byrZCkBlfqHM7MLof1YNXIlUTFqgySGCEbDYwnJc9Q80jLK4D2SKGAfHox+ww202uQ=="
        },
        "download-as-file": {
            "version": "1.1.0",
            "resolved": "https://registry.npmjs.org/download-as-file/-/download-as-file-1.1.0.tgz",
            "integrity": "sha512-044QgI55D7YTiw1VNL4L8A/JeuOLaZlbRctNS7o2bgWAE7YfpCJHXKI5qpmELcbidfwzFYfenrpqFoS3ErrWIg==",
            "requires": {
                "check-more-types": "2.10.0",
                "lazy-ass": "1.3.0"
            }
        },
        "lazy-ass": {
            "version": "1.3.0",
            "resolved": "https://registry.npmjs.org/lazy-ass/-/lazy-ass-1.3.0.tgz",
            "integrity": "sha512-wE62eBXnvW8H+d39N/jE8VQL6uOZCX9GyTNMzHZmSZMpUlMSas4fK+irRbvypnkwhBDYh3CfdUDWbieXbDv+nQ=="
        }
    }
}
